
Microsoft Visual Studio Solution File, Format Version 12.00
# Visual Studio Version 17
VisualStudioVersion = 17.9.34622.214
MinimumVisualStudioVersion = 10.0.40219.1
Project("{FAE04EC0-301F-11D3-BF4B-00C04F79EFBC}") = "Proiect C# - firma de transporturi", "Proiect C# - firma de transporturi.csproj", "{913A15D2-0FE7-4AEA-8414-4752AB2E805E}"
EndProject
Global
	GlobalSection(SolutionConfigurationPlatforms) = preSolution
		Debug|Any CPU = Debug|Any CPU
		Release|Any CPU = Release|Any CPU
	EndGlobalSection
	GlobalSection(ProjectConfigurationPlatforms) = postSolution
		{913A15D2-0FE7-4AEA-8414-4752AB2E805E}.Debug|Any CPU.ActiveCfg = Debug|Any CPU
		{913A15D2-0FE7-4AEA-8414-4752AB2E805E}.Debug|Any CPU.Build.0 = Debug|Any CPU
		{913A15D2-0FE7-4AEA-8414-4752AB2E805E}.Release|Any CPU.ActiveCfg = Release|Any CPU
		{913A15D2-0FE7-4AEA-8414-4752AB2E805E}.Release|Any CPU.Build.0 = Release|Any CPU
	EndGlobalSection
	GlobalSection(SolutionProperties) = preSolution
		HideSolutionNode = FALSE
	EndGlobalSection
	GlobalSection(ExtensibilityGlobals) = postSolution
		SolutionGuid = {3955C490-B35B-4A96-B951-290BE2FAC31B}
	EndGlobalSection
EndGlobal
